
Microsoft Visual Studio Solution File, Format Version 12.00
# Visual Studio Version 16
VisualStudioVersion = 16.0.33027.164
MinimumVisualStudioVersion = 10.0.40219.1
Project("{FAE04EC0-301F-11D3-BF4B-00C04F79EFBC}") = "MVCwithPagination", "MVCwithPagination\MVCwithPagination.csproj", "{2B770B7D-70E0-4C16-B2A3-95E001415552}"
EndProject
Global
	GlobalSection(SolutionConfigurationPlatforms) = preSolution
		Debug|Any CPU = Debug|Any CPU
		Release|Any CPU = Release|Any CPU
	EndGlobalSection
	GlobalSection(ProjectConfigurationPlatforms) = postSolution
		{2B770B7D-70E0-4C16-B2A3-95E001415552}.Debug|Any CPU.ActiveCfg = Debug|Any CPU
		{2B770B7D-70E0-4C16-B2A3-95E001415552}.Debug|Any CPU.Build.0 = Debug|Any CPU
		{2B770B7D-70E0-4C16-B2A3-95E001415552}.Release|Any CPU.ActiveCfg = Release|Any CPU
		{2B770B7D-70E0-4C16-B2A3-95E001415552}.Release|Any CPU.Build.0 = Release|Any CPU
	EndGlobalSection
	GlobalSection(SolutionProperties) = preSolution
		HideSolutionNode = FALSE
	EndGlobalSection
	GlobalSection(ExtensibilityGlobals) = postSolution
		SolutionGuid = {A93064A6-FF8E-4335-9C6B-D96413AAFD21}
	EndGlobalSection
EndGlobal
